{
    "_meta": {
        "hash": {
            "sha256": "5433b40516aac3ff67b31d51ad616c825bff9abf4ad957937cd6c5b26ab2c05e"
        },
        "pipfile-spec": 6,
        "requires": {
            "python_version": "3.9.16"
        },
        "sources": [
            {
                "name": "pypi",
                "url": "https://pypi.org/simple",
                "verify_ssl": true
            }
        ]
    },
    "default": {
        "tinytag": {
            "hashes": [
                "sha256:f8d71110e1e680a33d99202e00a5a698481d25d20173b81ba3e863423979e014"
            ],
            "index": "pypi",
            "version": "==1.9.0"
        }
    },
    "develop": {}
}
