{
    "_meta": {
        "hash": {
            "sha256": "0b1a0ff9a22722998587d10963f854048eac93a017acc9cb2ae7c9c4cccfa558"
        },
        "pipfile-spec": 6,
        "requires": {
            "python_version": "3.9.16"
        },
        "sources": [
            {
                "name": "pypi",
                "url": "https://pypi.org/simple",
                "verify_ssl": true
            }
        ]
    },
    "default": {},
    "develop": {}
}
